{
  "name": "project-react1",
  "lockfileVersion": 2,
  "requires": true,
  "packages": {
    "": {
      "dependencies": {
<<<<<<< HEAD
        "jquery": "^3.6.0",
        "sweetalert2": "^11.3.10"
      }
    },
    "node_modules/jquery": {
      "version": "3.6.0",
      "resolved": "https://registry.npmjs.org/jquery/-/jquery-3.6.0.tgz",
      "integrity": "sha512-JVzAR/AjBvVt2BmYhxRCSYysDsPcssdmTFnzyLEts9qNwmjmu4JTAMYubEfwVOSwpQ1I1sKKFcxhZCI2buerfw=="
    },
=======
        "sweetalert2": "^11.3.10"
      }
    },
>>>>>>> 31ac8b024349bd568db0774bad5611d420618697
    "node_modules/sweetalert2": {
      "version": "11.3.10",
      "resolved": "https://registry.npmjs.org/sweetalert2/-/sweetalert2-11.3.10.tgz",
      "integrity": "sha512-/3nhG5QCREkPUndAbOF9h1IM7lgCIU/evsNXd/YUfa9eJ04M+hxksxIio8hhtH16UnWd2GvJ+zvFQ8H9hLRhsw==",
      "funding": {
        "url": "https://sweetalert2.github.io/#donations"
      }
    }
  },
  "dependencies": {
<<<<<<< HEAD
    "jquery": {
      "version": "3.6.0",
      "resolved": "https://registry.npmjs.org/jquery/-/jquery-3.6.0.tgz",
      "integrity": "sha512-JVzAR/AjBvVt2BmYhxRCSYysDsPcssdmTFnzyLEts9qNwmjmu4JTAMYubEfwVOSwpQ1I1sKKFcxhZCI2buerfw=="
    },
=======
>>>>>>> 31ac8b024349bd568db0774bad5611d420618697
    "sweetalert2": {
      "version": "11.3.10",
      "resolved": "https://registry.npmjs.org/sweetalert2/-/sweetalert2-11.3.10.tgz",
      "integrity": "sha512-/3nhG5QCREkPUndAbOF9h1IM7lgCIU/evsNXd/YUfa9eJ04M+hxksxIio8hhtH16UnWd2GvJ+zvFQ8H9hLRhsw=="
    }
  }
}
